
Microsoft Visual Studio Solution File, Format Version 12.00
# Visual Studio Version 17
VisualStudioVersion = 17.9.34728.123
MinimumVisualStudioVersion = 10.0.40219.1
Project("{9A19103F-16F7-4668-BE54-9A1E7A4F7556}") = "Fileshard.Frontend", "Fileshard\Fileshard.Frontend.csproj", "{CCCE6AF2-FBED-4959-BE9A-63EF7CEA22A4}"
EndProject
Project("{9A19103F-16F7-4668-BE54-9A1E7A4F7556}") = "Fileshard.Service", "Fileshard.Service\Fileshard.Service.csproj", "{4A734FA5-0D1D-4605-A7BC-66706687A2B0}"
EndProject
Project("{9A19103F-16F7-4668-BE54-9A1E7A4F7556}") = "Fileshard.WebApp", "Fileshard.WebApp\Fileshard.WebApp.csproj", "{F36588ED-8802-45F1-AD48-C019E3D77074}"
EndProject
Project("{FAE04EC0-301F-11D3-BF4B-00C04F79EFBC}") = "Fileshard.Frontend.GraphExperiment", "Fileshard.Frontend.GraphExperiment\Fileshard.Frontend.GraphExperiment.csproj", "{B5773D65-8A67-4A25-AAEC-649258C8447B}"
EndProject
Global
	GlobalSection(SolutionConfigurationPlatforms) = preSolution
		Debug|Any CPU = Debug|Any CPU
		Release|Any CPU = Release|Any CPU
	EndGlobalSection
	GlobalSection(ProjectConfigurationPlatforms) = postSolution
		{CCCE6AF2-FBED-4959-BE9A-63EF7CEA22A4}.Debug|Any CPU.ActiveCfg = Debug|Any CPU
		{CCCE6AF2-FBED-4959-BE9A-63EF7CEA22A4}.Debug|Any CPU.Build.0 = Debug|Any CPU
		{CCCE6AF2-FBED-4959-BE9A-63EF7CEA22A4}.Release|Any CPU.ActiveCfg = Release|Any CPU
		{CCCE6AF2-FBED-4959-BE9A-63EF7CEA22A4}.Release|Any CPU.Build.0 = Release|Any CPU
		{4A734FA5-0D1D-4605-A7BC-66706687A2B0}.Debug|Any CPU.ActiveCfg = Debug|Any CPU
		{4A734FA5-0D1D-4605-A7BC-66706687A2B0}.Debug|Any CPU.Build.0 = Debug|Any CPU
		{4A734FA5-0D1D-4605-A7BC-66706687A2B0}.Release|Any CPU.ActiveCfg = Release|Any CPU
		{4A734FA5-0D1D-4605-A7BC-66706687A2B0}.Release|Any CPU.Build.0 = Release|Any CPU
		{F36588ED-8802-45F1-AD48-C019E3D77074}.Debug|Any CPU.ActiveCfg = Debug|Any CPU
		{F36588ED-8802-45F1-AD48-C019E3D77074}.Debug|Any CPU.Build.0 = Debug|Any CPU
		{F36588ED-8802-45F1-AD48-C019E3D77074}.Release|Any CPU.ActiveCfg = Release|Any CPU
		{F36588ED-8802-45F1-AD48-C019E3D77074}.Release|Any CPU.Build.0 = Release|Any CPU
		{B5773D65-8A67-4A25-AAEC-649258C8447B}.Debug|Any CPU.ActiveCfg = Debug|Any CPU
		{B5773D65-8A67-4A25-AAEC-649258C8447B}.Debug|Any CPU.Build.0 = Debug|Any CPU
		{B5773D65-8A67-4A25-AAEC-649258C8447B}.Release|Any CPU.ActiveCfg = Release|Any CPU
		{B5773D65-8A67-4A25-AAEC-649258C8447B}.Release|Any CPU.Build.0 = Release|Any CPU
	EndGlobalSection
	GlobalSection(SolutionProperties) = preSolution
		HideSolutionNode = FALSE
	EndGlobalSection
	GlobalSection(ExtensibilityGlobals) = postSolution
		SolutionGuid = {1B4FBA30-74E6-4FD6-83D8-080D3542CD72}
	EndGlobalSection
EndGlobal
